// !$*UTF8*$!
{
	archiveVersion = 1;
	classes = {
	};
	objectVersion = 55;
	objects = {

/* Begin PBXBuildFile section */
		3D0FED4E2718703A007EB3A1 /* Array+Identifiable.swift in Sources */ = {isa = PBXBuildFile; fileRef = 3D0FED4D27187039007EB3A1 /* Array+Identifiable.swift */; };
		3D2B0CD0272864E600D61DA5 /* Pie.swift in Sources */ = {isa = PBXBuildFile; fileRef = 3D2B0CCF272864E600D61DA5 /* Pie.swift */; };
		3D4DAFBF2710994C006BD1BF /* MemoryGame.swift in Sources */ = {isa = PBXBuildFile; fileRef = 3D4DAFBE2710994C006BD1BF /* MemoryGame.swift */; };
		3D4DAFC22710B60E006BD1BF /* EmojiMemoryGame.swift in Sources */ = {isa = PBXBuildFile; fileRef = 3D4DAFC12710B60E006BD1BF /* EmojiMemoryGame.swift */; };
		3D502BCD270EE870007932CC /* MemorizeCS193pApp.swift in Sources */ = {isa = PBXBuildFile; fileRef = 3D502BCC270EE870007932CC /* MemorizeCS193pApp.swift */; };
		3D502BCF270EE870007932CC /* EmojiMemoryGameView.swift in Sources */ = {isa = PBXBuildFile; fileRef = 3D502BCE270EE870007932CC /* EmojiMemoryGameView.swift */; };
		3D502BD1270EE879007932CC /* Assets.xcassets in Resources */ = {isa = PBXBuildFile; fileRef = 3D502BD0270EE879007932CC /* Assets.xcassets */; };
		3D502BD4270EE879007932CC /* Preview Assets.xcassets in Resources */ = {isa = PBXBuildFile; fileRef = 3D502BD3270EE879007932CC /* Preview Assets.xcassets */; };
		3D87B40A271994F700AD261D /* Array+Only.swift in Sources */ = {isa = PBXBuildFile; fileRef = 3D87B409271994F700AD261D /* Array+Only.swift */; };
		3DFD26532716E1E0008E1D6B /* Grid.swift in Sources */ = {isa = PBXBuildFile; fileRef = 3DFD26522716E1E0008E1D6B /* Grid.swift */; };
		3DFD265527171637008E1D6B /* GridLayout.swift in Sources */ = {isa = PBXBuildFile; fileRef = 3DFD265427171637008E1D6B /* GridLayout.swift */; };
/* End PBXBuildFile section */

/* Begin PBXFileReference section */
		3D0FED4D27187039007EB3A1 /* Array+Identifiable.swift */ = {isa = PBXFileReference; lastKnownFileType = sourcecode.swift; path = "Array+Identifiable.swift"; sourceTree = "<group>"; };
		3D2B0CCF272864E600D61DA5 /* Pie.swift */ = {isa = PBXFileReference; lastKnownFileType = sourcecode.swift; path = Pie.swift; sourceTree = "<group>"; };
		3D4DAFBE2710994C006BD1BF /* MemoryGame.swift */ = {isa = PBXFileReference; lastKnownFileType = sourcecode.swift; path = MemoryGame.swift; sourceTree = "<group>"; };
		3D4DAFC12710B60E006BD1BF /* EmojiMemoryGame.swift */ = {isa = PBXFileReference; lastKnownFileType = sourcecode.swift; path = EmojiMemoryGame.swift; sourceTree = "<group>"; };
		3D502BC9270EE870007932CC /* MemorizeCS193p.app */ = {isa = PBXFileReference; explicitFileType = wrapper.application; includeInIndex = 0; path = MemorizeCS193p.app; sourceTree = BUILT_PRODUCTS_DIR; };
		3D502BCC270EE870007932CC /* MemorizeCS193pApp.swift */ = {isa = PBXFileReference; lastKnownFileType = sourcecode.swift; path = MemorizeCS193pApp.swift; sourceTree = "<group>"; };
		3D502BCE270EE870007932CC /* EmojiMemoryGameView.swift */ = {isa = PBXFileReference; lastKnownFileType = sourcecode.swift; path = EmojiMemoryGameView.swift; sourceTree = "<group>"; };
		3D502BD0270EE879007932CC /* Assets.xcassets */ = {isa = PBXFileReference; lastKnownFileType = folder.assetcatalog; path = Assets.xcassets; sourceTree = "<group>"; };
		3D502BD3270EE879007932CC /* Preview Assets.xcassets */ = {isa = PBXFileReference; lastKnownFileType = folder.assetcatalog; path = "Preview Assets.xcassets"; sourceTree = "<group>"; };
		3D87B409271994F700AD261D /* Array+Only.swift */ = {isa = PBXFileReference; lastKnownFileType = sourcecode.swift; path = "Array+Only.swift"; sourceTree = "<group>"; };
		3DFD26522716E1E0008E1D6B /* Grid.swift */ = {isa = PBXFileReference; lastKnownFileType = sourcecode.swift; path = Grid.swift; sourceTree = "<group>"; };
		3DFD265427171637008E1D6B /* GridLayout.swift */ = {isa = PBXFileReference; fileEncoding = 4; lastKnownFileType = sourcecode.swift; path = GridLayout.swift; sourceTree = "<group>"; };
/* End PBXFileReference section */

/* Begin PBXFrameworksBuildPhase section */
		3D502BC6270EE870007932CC /* Frameworks */ = {
			isa = PBXFrameworksBuildPhase;
			buildActionMask = 2147483647;
			files = (
			);
			runOnlyForDeploymentPostprocessing = 0;
		};
/* End PBXFrameworksBuildPhase section */

/* Begin PBXGroup section */
		3D4DAFC02710995D006BD1BF /* Model */ = {
			isa = PBXGroup;
			children = (
				3D4DAFBE2710994C006BD1BF /* MemoryGame.swift */,
			);
			path = Model;
			sourceTree = "<group>";
		};
		3D502BC0270EE870007932CC = {
			isa = PBXGroup;
			children = (
				3D502BCB270EE870007932CC /* MemorizeCS193p */,
				3D502BCA270EE870007932CC /* Products */,
			);
			sourceTree = "<group>";
		};
		3D502BCA270EE870007932CC /* Products */ = {
			isa = PBXGroup;
			children = (
				3D502BC9270EE870007932CC /* MemorizeCS193p.app */,
			);
			name = Products;
			sourceTree = "<group>";
		};
		3D502BCB270EE870007932CC /* MemorizeCS193p */ = {
			isa = PBXGroup;
			children = (
				3D502BCC270EE870007932CC /* MemorizeCS193pApp.swift */,
				3D502BCE270EE870007932CC /* EmojiMemoryGameView.swift */,
				3D2B0CCF272864E600D61DA5 /* Pie.swift */,
				3DFD26522716E1E0008E1D6B /* Grid.swift */,
				3DFD265427171637008E1D6B /* GridLayout.swift */,
				3D0FED4D27187039007EB3A1 /* Array+Identifiable.swift */,
				3D87B409271994F700AD261D /* Array+Only.swift */,
				3DAB5F34271208BD005C436E /* ViewModel */,
				3D4DAFC02710995D006BD1BF /* Model */,
				3D502BD0270EE879007932CC /* Assets.xcassets */,
				3D502BD2270EE879007932CC /* Preview Content */,
			);
			path = MemorizeCS193p;
			sourceTree = "<group>";
		};
		3D502BD2270EE879007932CC /* Preview Content */ = {
			isa = PBXGroup;
			children = (
				3D502BD3270EE879007932CC /* Preview Assets.xcassets */,
			);
			path = "Preview Content";
			sourceTree = "<group>";
		};
		3DAB5F34271208BD005C436E /* ViewModel */ = {
			isa = PBXGroup;
			children = (
				3D4DAFC12710B60E006BD1BF /* EmojiMemoryGame.swift */,
			);
			path = ViewModel;
			sourceTree = "<group>";
		};
/* End PBXGroup section */

/* Begin PBXNativeTarget section */
		3D502BC8270EE870007932CC /* MemorizeCS193p */ = {
			isa = PBXNativeTarget;
			buildConfigurationList = 3D502BD7270EE879007932CC /* Build configuration list for PBXNativeTarget "MemorizeCS193p" */;
			buildPhases = (
				3D502BC5270EE870007932CC /* Sources */,
				3D502BC6270EE870007932CC /* Frameworks */,
				3D502BC7270EE870007932CC /* Resources */,
			);
			buildRules = (
			);
			dependencies = (
			);
			name = MemorizeCS193p;
			productName = MemorizeCS193p;
			productReference = 3D502BC9270EE870007932CC /* MemorizeCS193p.app */;
			productType = "com.apple.product-type.application";
		};
/* End PBXNativeTarget section */

/* Begin PBXProject section */
		3D502BC1270EE870007932CC /* Project object */ = {
			isa = PBXProject;
			attributes = {
				BuildIndependentTargetsInParallel = 1;
				LastSwiftUpdateCheck = 1300;
				LastUpgradeCheck = 1300;
				TargetAttributes = {
					3D502BC8270EE870007932CC = {
						CreatedOnToolsVersion = 13.0;
					};
				};
			};
			buildConfigurationList = 3D502BC4270EE870007932CC /* Build configuration list for PBXProject "MemorizeCS193p" */;
			compatibilityVersion = "Xcode 13.0";
			developmentRegion = en;
			hasScannedForEncodings = 0;
			knownRegions = (
				en,
				Base,
			);
			mainGroup = 3D502BC0270EE870007932CC;
			productRefGroup = 3D502BCA270EE870007932CC /* Products */;
			projectDirPath = "";
			projectRoot = "";
			targets = (
				3D502BC8270EE870007932CC /* MemorizeCS193p */,
			);
		};
/* End PBXProject section */

/* Begin PBXResourcesBuildPhase section */
		3D502BC7270EE870007932CC /* Resources */ = {
			isa = PBXResourcesBuildPhase;
			buildActionMask = 2147483647;
			files = (
				3D502BD4270EE879007932CC /* Preview Assets.xcassets in Resources */,
				3D502BD1270EE879007932CC /* Assets.xcassets in Resources */,
			);
			runOnlyForDeploymentPostprocessing = 0;
		};
/* End PBXResourcesBuildPhase section */

/* Begin PBXSourcesBuildPhase section */
		3D502BC5270EE870007932CC /* Sources */ = {
			isa = PBXSourcesBuildPhase;
			buildActionMask = 2147483647;
			files = (
				3D4DAFBF2710994C006BD1BF /* MemoryGame.swift in Sources */,
				3D502BCF270EE870007932CC /* EmojiMemoryGameView.swift in Sources */,
				3D502BCD270EE870007932CC /* MemorizeCS193pApp.swift in Sources */,
				3D2B0CD0272864E600D61DA5 /* Pie.swift in Sources */,
				3DFD265527171637008E1D6B /* GridLayout.swift in Sources */,
				3DFD26532716E1E0008E1D6B /* Grid.swift in Sources */,
				3D0FED4E2718703A007EB3A1 /* Array+Identifiable.swift in Sources */,
				3D4DAFC22710B60E006BD1BF /* EmojiMemoryGame.swift in Sources */,
				3D87B40A271994F700AD261D /* Array+Only.swift in Sources */,
			);
			runOnlyForDeploymentPostprocessing = 0;
		};
/* End PBXSourcesBuildPhase section */

/* Begin XCBuildConfiguration section */
		3D502BD5270EE879007932CC /* Debug */ = {
			isa = XCBuildConfiguration;
			buildSettings = {
				ALWAYS_SEARCH_USER_PATHS = NO;
				CLANG_ANALYZER_NONNULL = YES;
				CLANG_ANALYZER_NUMBER_OBJECT_CONVERSION = YES_AGGRESSIVE;
				CLANG_CXX_LANGUAGE_STANDARD = "gnu++17";
				CLANG_CXX_LIBRARY = "libc++";
				CLANG_ENABLE_MODULES = YES;
				CLANG_ENABLE_OBJC_ARC = YES;
				CLANG_ENABLE_OBJC_WEAK = YES;
				CLANG_WARN_BLOCK_CAPTURE_AUTORELEASING = YES;
				CLANG_WARN_BOOL_CONVERSION = YES;
				CLANG_WARN_COMMA = YES;
				CLANG_WARN_CONSTANT_CONVERSION = YES;
				CLANG_WARN_DEPRECATED_OBJC_IMPLEMENTATIONS = YES;
				CLANG_WARN_DIRECT_OBJC_ISA_USAGE = YES_ERROR;
				CLANG_WARN_DOCUMENTATION_COMMENTS = YES;
				CLANG_WARN_EMPTY_BODY = YES;
				CLANG_WARN_ENUM_CONVERSION = YES;
				CLANG_WARN_INFINITE_RECURSION = YES;
				CLANG_WARN_INT_CONVERSION = YES;
				CLANG_WARN_NON_LITERAL_NULL_CONVERSION = YES;
				CLANG_WARN_OBJC_IMPLICIT_RETAIN_SELF = YES;
				CLANG_WARN_OBJC_LITERAL_CONVERSION = YES;
				CLANG_WARN_OBJC_ROOT_CLASS = YES_ERROR;
				CLANG_WARN_QUOTED_INCLUDE_IN_FRAMEWORK_HEADER = YES;
				CLANG_WARN_RANGE_LOOP_ANALYSIS = YES;
				CLANG_WARN_STRICT_PROTOTYPES = YES;
				CLANG_WARN_SUSPICIOUS_MOVE = YES;
				CLANG_WARN_UNGUARDED_AVAILABILITY = YES_AGGRESSIVE;
				CLANG_WARN_UNREACHABLE_CODE = YES;
				CLANG_WARN__DUPLICATE_METHOD_MATCH = YES;
				COPY_PHASE_STRIP = NO;
				DEBUG_INFORMATION_FORMAT = dwarf;
				ENABLE_STRICT_OBJC_MSGSEND = YES;
				ENABLE_TESTABILITY = YES;
				GCC_C_LANGUAGE_STANDARD = gnu11;
				GCC_DYNAMIC_NO_PIC = NO;
				GCC_NO_COMMON_BLOCKS = YES;
				GCC_OPTIMIZATION_LEVEL = 0;
				GCC_PREPROCESSOR_DEFINITIONS = (
					"DEBUG=1",
					"$(inherited)",
				);
				GCC_WARN_64_TO_32_BIT_CONVERSION = YES;
				GCC_WARN_ABOUT_RETURN_TYPE = YES_ERROR;
				GCC_WARN_UNDECLARED_SELECTOR = YES;
				GCC_WARN_UNINITIALIZED_AUTOS = YES_AGGRESSIVE;
				GCC_WARN_UNUSED_FUNCTION = YES;
				GCC_WARN_UNUSED_VARIABLE = YES;
				IPHONEOS_DEPLOYMENT_TARGET = 15.0;
				MTL_ENABLE_DEBUG_INFO = INCLUDE_SOURCE;
				MTL_FAST_MATH = YES;
				ONLY_ACTIVE_ARCH = YES;
				SDKROOT = iphoneos;
				SWIFT_ACTIVE_COMPILATION_CONDITIONS = DEBUG;
				SWIFT_OPTIMIZATION_LEVEL = "-Onone";
			};
			name = Debug;
		};
		3D502BD6270EE879007932CC /* Release */ = {
			isa = XCBuildConfiguration;
			buildSettings = {
				ALWAYS_SEARCH_USER_PATHS = NO;
				CLANG_ANALYZER_NONNULL = YES;
				CLANG_ANALYZER_NUMBER_OBJECT_CONVERSION = YES_AGGRESSIVE;
				CLANG_CXX_LANGUAGE_STANDARD = "gnu++17";
				CLANG_CXX_LIBRARY = "libc++";
				CLANG_ENABLE_MODULES = YES;
				CLANG_ENABLE_OBJC_ARC = YES;
				CLANG_ENABLE_OBJC_WEAK = YES;
				CLANG_WARN_BLOCK_CAPTURE_AUTORELEASING = YES;
				CLANG_WARN_BOOL_CONVERSION = YES;
				CLANG_WARN_COMMA = YES;
				CLANG_WARN_CONSTANT_CONVERSION = YES;
				CLANG_WARN_DEPRECATED_OBJC_IMPLEMENTATIONS = YES;
				CLANG_WARN_DIRECT_OBJC_ISA_USAGE = YES_ERROR;
				CLANG_WARN_DOCUMENTATION_COMMENTS = YES;
				CLANG_WARN_EMPTY_BODY = YES;
				CLANG_WARN_ENUM_CONVERSION = YES;
				CLANG_WARN_INFINITE_RECURSION = YES;
				CLANG_WARN_INT_CONVERSION = YES;
				CLANG_WARN_NON_LITERAL_NULL_CONVERSION = YES;
				CLANG_WARN_OBJC_IMPLICIT_RETAIN_SELF = YES;
				CLANG_WARN_OBJC_LITERAL_CONVERSION = YES;
				CLANG_WARN_OBJC_ROOT_CLASS = YES_ERROR;
				CLANG_WARN_QUOTED_INCLUDE_IN_FRAMEWORK_HEADER = YES;
				CLANG_WARN_RANGE_LOOP_ANALYSIS = YES;
				CLANG_WARN_STRICT_PROTOTYPES = YES;
				CLANG_WARN_SUSPICIOUS_MOVE = YES;
				CLANG_WARN_UNGUARDED_AVAILABILITY = YES_AGGRESSIVE;
				CLANG_WARN_UNREACHABLE_CODE = YES;
				CLANG_WARN__DUPLICATE_METHOD_MATCH = YES;
				COPY_PHASE_STRIP = NO;
				DEBUG_INFORMATION_FORMAT = "dwarf-with-dsym";
				ENABLE_NS_ASSERTIONS = NO;
				ENABLE_STRICT_OBJC_MSGSEND = YES;
				GCC_C_LANGUAGE_STANDARD = gnu11;
				GCC_NO_COMMON_BLOCKS = YES;
				GCC_WARN_64_TO_32_BIT_CONVERSION = YES;
				GCC_WARN_ABOUT_RETURN_TYPE = YES_ERROR;
				GCC_WARN_UNDECLARED_SELECTOR = YES;
				GCC_WARN_UNINITIALIZED_AUTOS = YES_AGGRESSIVE;
				GCC_WARN_UNUSED_FUNCTION = YES;
				GCC_WARN_UNUSED_VARIABLE = YES;
				IPHONEOS_DEPLOYMENT_TARGET = 15.0;
				MTL_ENABLE_DEBUG_INFO = NO;
				MTL_FAST_MATH = YES;
				SDKROOT = iphoneos;
				SWIFT_COMPILATION_MODE = wholemodule;
				SWIFT_OPTIMIZATION_LEVEL = "-O";
				VALIDATE_PRODUCT = YES;
			};
			name = Release;
		};
		3D502BD8270EE879007932CC /* Debug */ = {
			isa = XCBuildConfiguration;
			buildSettings = {
				ASSETCATALOG_COMPILER_APPICON_NAME = AppIcon;
				ASSETCATALOG_COMPILER_GLOBAL_ACCENT_COLOR_NAME = AccentColor;
				CODE_SIGN_STYLE = Automatic;
				CURRENT_PROJECT_VERSION = 1;
				DEVELOPMENT_ASSET_PATHS = "\"MemorizeCS193p/Preview Content\"";
				DEVELOPMENT_TEAM = HHF5W9LVZ2;
				ENABLE_PREVIEWS = YES;
				GENERATE_INFOPLIST_FILE = YES;
				INFOPLIST_KEY_UIApplicationSceneManifest_Generation = YES;
				INFOPLIST_KEY_UIApplicationSupportsIndirectInputEvents = YES;
				INFOPLIST_KEY_UILaunchScreen_Generation = YES;
				INFOPLIST_KEY_UISupportedInterfaceOrientations_iPad = "UIInterfaceOrientationPortrait UIInterfaceOrientationPortraitUpsideDown UIInterfaceOrientationLandscapeLeft UIInterfaceOrientationLandscapeRight";
				INFOPLIST_KEY_UISupportedInterfaceOrientations_iPhone = "UIInterfaceOrientationPortrait UIInterfaceOrientationLandscapeLeft UIInterfaceOrientationLandscapeRight";
				IPHONEOS_DEPLOYMENT_TARGET = 15.0;
				LD_RUNPATH_SEARCH_PATHS = (
					"$(inherited)",
					"@executable_path/Frameworks",
				);
				MARKETING_VERSION = 1.0;
				PRODUCT_BUNDLE_IDENTIFIER = com.mrstroppy.MemorizeCS193p;
				PRODUCT_NAME = "$(TARGET_NAME)";
				SWIFT_EMIT_LOC_STRINGS = YES;
				SWIFT_VERSION = 5.0;
				TARGETED_DEVICE_FAMILY = "1,2";
			};
			name = Debug;
		};
		3D502BD9270EE879007932CC /* Release */ = {
			isa = XCBuildConfiguration;
			buildSettings = {
				ASSETCATALOG_COMPILER_APPICON_NAME = AppIcon;
				ASSETCATALOG_COMPILER_GLOBAL_ACCENT_COLOR_NAME = AccentColor;
				CODE_SIGN_STYLE = Automatic;
				CURRENT_PROJECT_VERSION = 1;
				DEVELOPMENT_ASSET_PATHS = "\"MemorizeCS193p/Preview Content\"";
				DEVELOPMENT_TEAM = HHF5W9LVZ2;
				ENABLE_PREVIEWS = YES;
				GENERATE_INFOPLIST_FILE = YES;
				INFOPLIST_KEY_UIApplicationSceneManifest_Generation = YES;
				INFOPLIST_KEY_UIApplicationSupportsIndirectInputEvents = YES;
				INFOPLIST_KEY_UILaunchScreen_Generation = YES;
				INFOPLIST_KEY_UISupportedInterfaceOrientations_iPad = "UIInterfaceOrientationPortrait UIInterfaceOrientationPortraitUpsideDown UIInterfaceOrientationLandscapeLeft UIInterfaceOrientationLandscapeRight";
				INFOPLIST_KEY_UISupportedInterfaceOrientations_iPhone = "UIInterfaceOrientationPortrait UIInterfaceOrientationLandscapeLeft UIInterfaceOrientationLandscapeRight";
				IPHONEOS_DEPLOYMENT_TARGET = 15.0;
				LD_RUNPATH_SEARCH_PATHS = (
					"$(inherited)",
					"@executable_path/Frameworks",
				);
				MARKETING_VERSION = 1.0;
				PRODUCT_BUNDLE_IDENTIFIER = com.mrstroppy.MemorizeCS193p;
				PRODUCT_NAME = "$(TARGET_NAME)";
				SWIFT_EMIT_LOC_STRINGS = YES;
				SWIFT_VERSION = 5.0;
				TARGETED_DEVICE_FAMILY = "1,2";
			};
			name = Release;
		};
/* End XCBuildConfiguration section */

/* Begin XCConfigurationList section */
		3D502BC4270EE870007932CC /* Build configuration list for PBXProject "MemorizeCS193p" */ = {
			isa = XCConfigurationList;
			buildConfigurations = (
				3D502BD5270EE879007932CC /* Debug */,
				3D502BD6270EE879007932CC /* Release */,
			);
			defaultConfigurationIsVisible = 0;
			defaultConfigurationName = Release;
		};
		3D502BD7270EE879007932CC /* Build configuration list for PBXNativeTarget "MemorizeCS193p" */ = {
			isa = XCConfigurationList;
			buildConfigurations = (
				3D502BD8270EE879007932CC /* Debug */,
				3D502BD9270EE879007932CC /* Release */,
			);
			defaultConfigurationIsVisible = 0;
			defaultConfigurationName = Release;
		};
/* End XCConfigurationList section */
	};
	rootObject = 3D502BC1270EE870007932CC /* Project object */;
}
